
Microsoft Visual Studio Solution File, Format Version 12.00
# Visual Studio Version 16
VisualStudioVersion = 16.0.30907.101
MinimumVisualStudioVersion = 10.0.40219.1
Project("{FAE04EC0-301F-11D3-BF4B-00C04F79EFBC}") = "BitventureApp", "BitventureApp\BitventureApp.csproj", "{13981D3E-350F-40E8-86AD-E068B36F4B9A}"
EndProject
Project("{FAE04EC0-301F-11D3-BF4B-00C04F79EFBC}") = "TestProject", "TestProject\TestProject.csproj", "{54A288CF-9096-44C2-B259-C7C50DD015C0}"
EndProject
Global
	GlobalSection(SolutionConfigurationPlatforms) = preSolution
		Debug|Any CPU = Debug|Any CPU
		Release|Any CPU = Release|Any CPU
	EndGlobalSection
	GlobalSection(ProjectConfigurationPlatforms) = postSolution
		{13981D3E-350F-40E8-86AD-E068B36F4B9A}.Debug|Any CPU.ActiveCfg = Debug|Any CPU
		{13981D3E-350F-40E8-86AD-E068B36F4B9A}.Debug|Any CPU.Build.0 = Debug|Any CPU
		{13981D3E-350F-40E8-86AD-E068B36F4B9A}.Release|Any CPU.ActiveCfg = Release|Any CPU
		{13981D3E-350F-40E8-86AD-E068B36F4B9A}.Release|Any CPU.Build.0 = Release|Any CPU
		{54A288CF-9096-44C2-B259-C7C50DD015C0}.Debug|Any CPU.ActiveCfg = Debug|Any CPU
		{54A288CF-9096-44C2-B259-C7C50DD015C0}.Debug|Any CPU.Build.0 = Debug|Any CPU
		{54A288CF-9096-44C2-B259-C7C50DD015C0}.Release|Any CPU.ActiveCfg = Release|Any CPU
		{54A288CF-9096-44C2-B259-C7C50DD015C0}.Release|Any CPU.Build.0 = Release|Any CPU
	EndGlobalSection
	GlobalSection(SolutionProperties) = preSolution
		HideSolutionNode = FALSE
	EndGlobalSection
	GlobalSection(ExtensibilityGlobals) = postSolution
		SolutionGuid = {7A76F859-1912-4F5B-AF30-AFFC29768ACE}
	EndGlobalSection
EndGlobal
